
Microsoft Visual Studio Solution File, Format Version 12.00
# Visual Studio 15
VisualStudioVersion = 15.0.28010.2003
MinimumVisualStudioVersion = 10.0.40219.1
Project("{FAE04EC0-301F-11D3-BF4B-00C04F79EFBC}") = "nyabanken", "nyabanken\nyabanken.csproj", "{D29F6EB2-11AF-40CB-8CC9-164118B49DD2}"
EndProject
Global
	GlobalSection(SolutionConfigurationPlatforms) = preSolution
		Debug|Any CPU = Debug|Any CPU
		Release|Any CPU = Release|Any CPU
	EndGlobalSection
	GlobalSection(ProjectConfigurationPlatforms) = postSolution
		{D29F6EB2-11AF-40CB-8CC9-164118B49DD2}.Debug|Any CPU.ActiveCfg = Debug|Any CPU
		{D29F6EB2-11AF-40CB-8CC9-164118B49DD2}.Debug|Any CPU.Build.0 = Debug|Any CPU
		{D29F6EB2-11AF-40CB-8CC9-164118B49DD2}.Release|Any CPU.ActiveCfg = Release|Any CPU
		{D29F6EB2-11AF-40CB-8CC9-164118B49DD2}.Release|Any CPU.Build.0 = Release|Any CPU
	EndGlobalSection
	GlobalSection(SolutionProperties) = preSolution
		HideSolutionNode = FALSE
	EndGlobalSection
	GlobalSection(ExtensibilityGlobals) = postSolution
		SolutionGuid = {6BF6D604-77DF-4D1F-8979-F14D2AF8F63C}
	EndGlobalSection
EndGlobal
